// !$*UTF8*$!
{
	archiveVersion = 1;
	classes = {
	};
	objectVersion = 56;
	objects = {

/* Begin PBXBuildFile section */
		C891F5232A10E16D005E71B9 /* Valencia.gpx in Resources */ = {isa = PBXBuildFile; fileRef = C891F5222A10E16D005E71B9 /* Valencia.gpx */; };
		C8B7171D2A0AF1950041D53D /* EMT Watch App.app in Embed Watch Content */ = {isa = PBXBuildFile; fileRef = C8B7171C2A0AF1950041D53D /* EMT Watch App.app */; settings = {ATTRIBUTES = (RemoveHeadersOnCopy, ); }; };
		C8B717222A0AF1950041D53D /* EMTApp.swift in Sources */ = {isa = PBXBuildFile; fileRef = C8B717212A0AF1950041D53D /* EMTApp.swift */; };
		C8B717262A0AF1960041D53D /* Assets.xcassets in Resources */ = {isa = PBXBuildFile; fileRef = C8B717252A0AF1960041D53D /* Assets.xcassets */; };
		C8B717292A0AF1960041D53D /* Preview Assets.xcassets in Resources */ = {isa = PBXBuildFile; fileRef = C8B717282A0AF1960041D53D /* Preview Assets.xcassets */; };
		C8B7173E2A0AF5950041D53D /* Application in Frameworks */ = {isa = PBXBuildFile; productRef = C8B7173D2A0AF5950041D53D /* Application */; };
/* End PBXBuildFile section */

/* Begin PBXContainerItemProxy section */
		C8B7171E2A0AF1950041D53D /* PBXContainerItemProxy */ = {
			isa = PBXContainerItemProxy;
			containerPortal = C8B717102A0AF1950041D53D /* Project object */;
			proxyType = 1;
			remoteGlobalIDString = C8B7171B2A0AF1950041D53D;
			remoteInfo = "EMT Watch App";
		};
/* End PBXContainerItemProxy section */

/* Begin PBXCopyFilesBuildPhase section */
		C8B7172F2A0AF1960041D53D /* Embed Watch Content */ = {
			isa = PBXCopyFilesBuildPhase;
			buildActionMask = 2147483647;
			dstPath = "$(CONTENTS_FOLDER_PATH)/Watch";
			dstSubfolderSpec = 16;
			files = (
				C8B7171D2A0AF1950041D53D /* EMT Watch App.app in Embed Watch Content */,
			);
			name = "Embed Watch Content";
			runOnlyForDeploymentPostprocessing = 0;
		};
/* End PBXCopyFilesBuildPhase section */

/* Begin PBXFileReference section */
		C8470AAB2A0DBB4A00DDE59F /* Monarch */ = {isa = PBXFileReference; lastKnownFileType = wrapper; name = Monarch; path = ../../../Frameworks/Monarch; sourceTree = "<group>"; };
		C86A794D2A0AF69E0048D834 /* Shared */ = {isa = PBXFileReference; lastKnownFileType = wrapper; name = Shared; path = Packages/Shared; sourceTree = "<group>"; };
		C86A794E2A0AF6AB0048D834 /* SharedUI */ = {isa = PBXFileReference; lastKnownFileType = wrapper; name = SharedUI; path = Packages/SharedUI; sourceTree = "<group>"; };
		C86A794F2A0AF7710048D834 /* HierarchyResponder */ = {isa = PBXFileReference; lastKnownFileType = wrapper; name = HierarchyResponder; path = ../../../Frameworks/HierarchyResponder; sourceTree = "<group>"; };
		C86A79502A0AFC650048D834 /* Model */ = {isa = PBXFileReference; lastKnownFileType = wrapper; name = Model; path = Packages/Model; sourceTree = "<group>"; };
		C891F5222A10E16D005E71B9 /* Valencia.gpx */ = {isa = PBXFileReference; lastKnownFileType = text.xml; path = Valencia.gpx; sourceTree = "<group>"; };
		C8B717162A0AF1950041D53D /* EMT.app */ = {isa = PBXFileReference; explicitFileType = wrapper.application; includeInIndex = 0; path = EMT.app; sourceTree = BUILT_PRODUCTS_DIR; };
		C8B7171C2A0AF1950041D53D /* EMT Watch App.app */ = {isa = PBXFileReference; explicitFileType = wrapper.application; includeInIndex = 0; path = "EMT Watch App.app"; sourceTree = BUILT_PRODUCTS_DIR; };
		C8B717212A0AF1950041D53D /* EMTApp.swift */ = {isa = PBXFileReference; lastKnownFileType = sourcecode.swift; path = EMTApp.swift; sourceTree = "<group>"; };
		C8B717252A0AF1960041D53D /* Assets.xcassets */ = {isa = PBXFileReference; lastKnownFileType = folder.assetcatalog; path = Assets.xcassets; sourceTree = "<group>"; };
		C8B717282A0AF1960041D53D /* Preview Assets.xcassets */ = {isa = PBXFileReference; lastKnownFileType = folder.assetcatalog; path = "Preview Assets.xcassets"; sourceTree = "<group>"; };
		C8B717352A0AF43B0041D53D /* Application */ = {isa = PBXFileReference; lastKnownFileType = wrapper; name = Application; path = Packages/Application; sourceTree = "<group>"; };
		C8B717362A0AF44E0041D53D /* Networking */ = {isa = PBXFileReference; lastKnownFileType = wrapper; name = Networking; path = Packages/Networking; sourceTree = "<group>"; };
		C8BA5D2D2A3126DA00AC74CD /* EMT Watch App.entitlements */ = {isa = PBXFileReference; lastKnownFileType = text.plist.entitlements; path = "EMT Watch App.entitlements"; sourceTree = "<group>"; };
		C8FCC20F2A10DCBA003344B8 /* Location */ = {isa = PBXFileReference; lastKnownFileType = wrapper; name = Location; path = Packages/Location; sourceTree = "<group>"; };
/* End PBXFileReference section */

/* Begin PBXFrameworksBuildPhase section */
		C8B717192A0AF1950041D53D /* Frameworks */ = {
			isa = PBXFrameworksBuildPhase;
			buildActionMask = 2147483647;
			files = (
				C8B7173E2A0AF5950041D53D /* Application in Frameworks */,
			);
			runOnlyForDeploymentPostprocessing = 0;
		};
/* End PBXFrameworksBuildPhase section */

/* Begin PBXGroup section */
		C891F5212A10E154005E71B9 /* Resources */ = {
			isa = PBXGroup;
			children = (
				C8B717252A0AF1960041D53D /* Assets.xcassets */,
				C891F5222A10E16D005E71B9 /* Valencia.gpx */,
			);
			path = Resources;
			sourceTree = "<group>";
		};
		C8B7170F2A0AF1950041D53D = {
			isa = PBXGroup;
			children = (
				C8B717202A0AF1950041D53D /* EMT Watch App */,
				C8B717342A0AF43B0041D53D /* Packages */,
				C8B717172A0AF1950041D53D /* Products */,
				C8B7173C2A0AF5950041D53D /* Frameworks */,
			);
			sourceTree = "<group>";
		};
		C8B717172A0AF1950041D53D /* Products */ = {
			isa = PBXGroup;
			children = (
				C8B717162A0AF1950041D53D /* EMT.app */,
				C8B7171C2A0AF1950041D53D /* EMT Watch App.app */,
			);
			name = Products;
			sourceTree = "<group>";
		};
		C8B717202A0AF1950041D53D /* EMT Watch App */ = {
			isa = PBXGroup;
			children = (
				C8BA5D2D2A3126DA00AC74CD /* EMT Watch App.entitlements */,
				C891F5212A10E154005E71B9 /* Resources */,
				C8B717212A0AF1950041D53D /* EMTApp.swift */,
				C8B717272A0AF1960041D53D /* Preview Content */,
			);
			path = "EMT Watch App";
			sourceTree = "<group>";
		};
		C8B717272A0AF1960041D53D /* Preview Content */ = {
			isa = PBXGroup;
			children = (
				C8B717282A0AF1960041D53D /* Preview Assets.xcassets */,
			);
			path = "Preview Content";
			sourceTree = "<group>";
		};
		C8B717342A0AF43B0041D53D /* Packages */ = {
			isa = PBXGroup;
			children = (
				C86A794D2A0AF69E0048D834 /* Shared */,
				C86A794E2A0AF6AB0048D834 /* SharedUI */,
				C8B717352A0AF43B0041D53D /* Application */,
				C86A79502A0AFC650048D834 /* Model */,
				C8FCC20F2A10DCBA003344B8 /* Location */,
				C8B717362A0AF44E0041D53D /* Networking */,
				C86A794F2A0AF7710048D834 /* HierarchyResponder */,
				C8470AAB2A0DBB4A00DDE59F /* Monarch */,
			);
			name = Packages;
			sourceTree = "<group>";
		};
		C8B7173C2A0AF5950041D53D /* Frameworks */ = {
			isa = PBXGroup;
			children = (
			);
			name = Frameworks;
			sourceTree = "<group>";
		};
/* End PBXGroup section */

/* Begin PBXNativeTarget section */
		C8B717152A0AF1950041D53D /* EMT */ = {
			isa = PBXNativeTarget;
			buildConfigurationList = C8B717302A0AF1960041D53D /* Build configuration list for PBXNativeTarget "EMT" */;
			buildPhases = (
				C8B717142A0AF1950041D53D /* Resources */,
				C8B7172F2A0AF1960041D53D /* Embed Watch Content */,
			);
			buildRules = (
			);
			dependencies = (
				C8B7171F2A0AF1950041D53D /* PBXTargetDependency */,
			);
			name = EMT;
			productName = EMT;
			productReference = C8B717162A0AF1950041D53D /* EMT.app */;
			productType = "com.apple.product-type.application.watchapp2-container";
		};
		C8B7171B2A0AF1950041D53D /* EMT Watch App */ = {
			isa = PBXNativeTarget;
			buildConfigurationList = C8B7172C2A0AF1960041D53D /* Build configuration list for PBXNativeTarget "EMT Watch App" */;
			buildPhases = (
				C8B717182A0AF1950041D53D /* Sources */,
				C8EFD4672B4F59EC0000D5EB /* SwiftLint */,
				C8B717192A0AF1950041D53D /* Frameworks */,
				C8B7171A2A0AF1950041D53D /* Resources */,
			);
			buildRules = (
			);
			dependencies = (
			);
			name = "EMT Watch App";
			packageProductDependencies = (
				C8B7173D2A0AF5950041D53D /* Application */,
			);
			productName = "EMT Watch App";
			productReference = C8B7171C2A0AF1950041D53D /* EMT Watch App.app */;
			productType = "com.apple.product-type.application";
		};
/* End PBXNativeTarget section */

/* Begin PBXProject section */
		C8B717102A0AF1950041D53D /* Project object */ = {
			isa = PBXProject;
			attributes = {
				BuildIndependentTargetsInParallel = 1;
				LastSwiftUpdateCheck = 1410;
				LastUpgradeCheck = 1500;
				TargetAttributes = {
					C8B717152A0AF1950041D53D = {
						CreatedOnToolsVersion = 14.1;
					};
					C8B7171B2A0AF1950041D53D = {
						CreatedOnToolsVersion = 14.1;
					};
				};
			};
			buildConfigurationList = C8B717132A0AF1950041D53D /* Build configuration list for PBXProject "EMT" */;
			compatibilityVersion = "Xcode 14.0";
			developmentRegion = en;
			hasScannedForEncodings = 0;
			knownRegions = (
				en,
				Base,
			);
			mainGroup = C8B7170F2A0AF1950041D53D;
			productRefGroup = C8B717172A0AF1950041D53D /* Products */;
			projectDirPath = "";
			projectRoot = "";
			targets = (
				C8B717152A0AF1950041D53D /* EMT */,
				C8B7171B2A0AF1950041D53D /* EMT Watch App */,
			);
		};
/* End PBXProject section */

/* Begin PBXResourcesBuildPhase section */
		C8B717142A0AF1950041D53D /* Resources */ = {
			isa = PBXResourcesBuildPhase;
			buildActionMask = 2147483647;
			files = (
			);
			runOnlyForDeploymentPostprocessing = 0;
		};
		C8B7171A2A0AF1950041D53D /* Resources */ = {
			isa = PBXResourcesBuildPhase;
			buildActionMask = 2147483647;
			files = (
				C8B717292A0AF1960041D53D /* Preview Assets.xcassets in Resources */,
				C8B717262A0AF1960041D53D /* Assets.xcassets in Resources */,
				C891F5232A10E16D005E71B9 /* Valencia.gpx in Resources */,
			);
			runOnlyForDeploymentPostprocessing = 0;
		};
/* End PBXResourcesBuildPhase section */

/* Begin PBXShellScriptBuildPhase section */
		C8EFD4672B4F59EC0000D5EB /* SwiftLint */ = {
			isa = PBXShellScriptBuildPhase;
			alwaysOutOfDate = 1;
			buildActionMask = 2147483647;
			files = (
			);
			inputFileListPaths = (
			);
			inputPaths = (
			);
			name = SwiftLint;
			outputFileListPaths = (
			);
			outputPaths = (
			);
			runOnlyForDeploymentPostprocessing = 0;
			shellPath = /bin/sh;
			shellScript = "export PATH=\"$PATH:/opt/homebrew/bin\"\n\nif which swiftlint > /dev/null; then\n  swiftlint\nelse\n  echo \"warning: SwiftLint not installed, download from https://github.com/realm/SwiftLint\"\nfi\n";
		};
/* End PBXShellScriptBuildPhase section */

/* Begin PBXSourcesBuildPhase section */
		C8B717182A0AF1950041D53D /* Sources */ = {
			isa = PBXSourcesBuildPhase;
			buildActionMask = 2147483647;
			files = (
				C8B717222A0AF1950041D53D /* EMTApp.swift in Sources */,
			);
			runOnlyForDeploymentPostprocessing = 0;
		};
/* End PBXSourcesBuildPhase section */

/* Begin PBXTargetDependency section */
		C8B7171F2A0AF1950041D53D /* PBXTargetDependency */ = {
			isa = PBXTargetDependency;
			target = C8B7171B2A0AF1950041D53D /* EMT Watch App */;
			targetProxy = C8B7171E2A0AF1950041D53D /* PBXContainerItemProxy */;
		};
/* End PBXTargetDependency section */

/* Begin XCBuildConfiguration section */
		C8B7172A2A0AF1960041D53D /* Debug */ = {
			isa = XCBuildConfiguration;
			buildSettings = {
				ALWAYS_SEARCH_USER_PATHS = NO;
				ASSETCATALOG_COMPILER_GENERATE_SWIFT_ASSET_SYMBOL_EXTENSIONS = YES;
				CLANG_ANALYZER_NONNULL = YES;
				CLANG_ANALYZER_NUMBER_OBJECT_CONVERSION = YES_AGGRESSIVE;
				CLANG_CXX_LANGUAGE_STANDARD = "gnu++20";
				CLANG_ENABLE_MODULES = YES;
				CLANG_ENABLE_OBJC_ARC = YES;
				CLANG_ENABLE_OBJC_WEAK = YES;
				CLANG_WARN_BLOCK_CAPTURE_AUTORELEASING = YES;
				CLANG_WARN_BOOL_CONVERSION = YES;
				CLANG_WARN_COMMA = YES;
				CLANG_WARN_CONSTANT_CONVERSION = YES;
				CLANG_WARN_DEPRECATED_OBJC_IMPLEMENTATIONS = YES;
				CLANG_WARN_DIRECT_OBJC_ISA_USAGE = YES_ERROR;
				CLANG_WARN_DOCUMENTATION_COMMENTS = YES;
				CLANG_WARN_EMPTY_BODY = YES;
				CLANG_WARN_ENUM_CONVERSION = YES;
				CLANG_WARN_INFINITE_RECURSION = YES;
				CLANG_WARN_INT_CONVERSION = YES;
				CLANG_WARN_NON_LITERAL_NULL_CONVERSION = YES;
				CLANG_WARN_OBJC_IMPLICIT_RETAIN_SELF = YES;
				CLANG_WARN_OBJC_LITERAL_CONVERSION = YES;
				CLANG_WARN_OBJC_ROOT_CLASS = YES_ERROR;
				CLANG_WARN_QUOTED_INCLUDE_IN_FRAMEWORK_HEADER = YES;
				CLANG_WARN_RANGE_LOOP_ANALYSIS = YES;
				CLANG_WARN_STRICT_PROTOTYPES = YES;
				CLANG_WARN_SUSPICIOUS_MOVE = YES;
				CLANG_WARN_UNGUARDED_AVAILABILITY = YES_AGGRESSIVE;
				CLANG_WARN_UNREACHABLE_CODE = YES;
				CLANG_WARN__DUPLICATE_METHOD_MATCH = YES;
				COPY_PHASE_STRIP = NO;
				DEAD_CODE_STRIPPING = YES;
				DEBUG_INFORMATION_FORMAT = dwarf;
				ENABLE_STRICT_OBJC_MSGSEND = YES;
				ENABLE_TESTABILITY = YES;
				ENABLE_USER_SCRIPT_SANDBOXING = YES;
				GCC_C_LANGUAGE_STANDARD = gnu11;
				GCC_DYNAMIC_NO_PIC = NO;
				GCC_NO_COMMON_BLOCKS = YES;
				GCC_OPTIMIZATION_LEVEL = 0;
				GCC_PREPROCESSOR_DEFINITIONS = (
					"DEBUG=1",
					"$(inherited)",
				);
				GCC_WARN_64_TO_32_BIT_CONVERSION = YES;
				GCC_WARN_ABOUT_RETURN_TYPE = YES_ERROR;
				GCC_WARN_UNDECLARED_SELECTOR = YES;
				GCC_WARN_UNINITIALIZED_AUTOS = YES_AGGRESSIVE;
				GCC_WARN_UNUSED_FUNCTION = YES;
				GCC_WARN_UNUSED_VARIABLE = YES;
				IPHONEOS_DEPLOYMENT_TARGET = 16.0;
				MTL_ENABLE_DEBUG_INFO = INCLUDE_SOURCE;
				MTL_FAST_MATH = YES;
				ONLY_ACTIVE_ARCH = YES;
				SWIFT_ACTIVE_COMPILATION_CONDITIONS = DEBUG;
				SWIFT_OPTIMIZATION_LEVEL = "-Onone";
				WATCHOS_DEPLOYMENT_TARGET = 9.0;
			};
			name = Debug;
		};
		C8B7172B2A0AF1960041D53D /* Release */ = {
			isa = XCBuildConfiguration;
			buildSettings = {
				ALWAYS_SEARCH_USER_PATHS = NO;
				ASSETCATALOG_COMPILER_GENERATE_SWIFT_ASSET_SYMBOL_EXTENSIONS = YES;
				CLANG_ANALYZER_NONNULL = YES;
				CLANG_ANALYZER_NUMBER_OBJECT_CONVERSION = YES_AGGRESSIVE;
				CLANG_CXX_LANGUAGE_STANDARD = "gnu++20";
				CLANG_ENABLE_MODULES = YES;
				CLANG_ENABLE_OBJC_ARC = YES;
				CLANG_ENABLE_OBJC_WEAK = YES;
				CLANG_WARN_BLOCK_CAPTURE_AUTORELEASING = YES;
				CLANG_WARN_BOOL_CONVERSION = YES;
				CLANG_WARN_COMMA = YES;
				CLANG_WARN_CONSTANT_CONVERSION = YES;
				CLANG_WARN_DEPRECATED_OBJC_IMPLEMENTATIONS = YES;
				CLANG_WARN_DIRECT_OBJC_ISA_USAGE = YES_ERROR;
				CLANG_WARN_DOCUMENTATION_COMMENTS = YES;
				CLANG_WARN_EMPTY_BODY = YES;
				CLANG_WARN_ENUM_CONVERSION = YES;
				CLANG_WARN_INFINITE_RECURSION = YES;
				CLANG_WARN_INT_CONVERSION = YES;
				CLANG_WARN_NON_LITERAL_NULL_CONVERSION = YES;
				CLANG_WARN_OBJC_IMPLICIT_RETAIN_SELF = YES;
				CLANG_WARN_OBJC_LITERAL_CONVERSION = YES;
				CLANG_WARN_OBJC_ROOT_CLASS = YES_ERROR;
				CLANG_WARN_QUOTED_INCLUDE_IN_FRAMEWORK_HEADER = YES;
				CLANG_WARN_RANGE_LOOP_ANALYSIS = YES;
				CLANG_WARN_STRICT_PROTOTYPES = YES;
				CLANG_WARN_SUSPICIOUS_MOVE = YES;
				CLANG_WARN_UNGUARDED_AVAILABILITY = YES_AGGRESSIVE;
				CLANG_WARN_UNREACHABLE_CODE = YES;
				CLANG_WARN__DUPLICATE_METHOD_MATCH = YES;
				COPY_PHASE_STRIP = NO;
				DEAD_CODE_STRIPPING = YES;
				DEBUG_INFORMATION_FORMAT = "dwarf-with-dsym";
				ENABLE_NS_ASSERTIONS = NO;
				ENABLE_STRICT_OBJC_MSGSEND = YES;
				ENABLE_USER_SCRIPT_SANDBOXING = YES;
				GCC_C_LANGUAGE_STANDARD = gnu11;
				GCC_NO_COMMON_BLOCKS = YES;
				GCC_WARN_64_TO_32_BIT_CONVERSION = YES;
				GCC_WARN_ABOUT_RETURN_TYPE = YES_ERROR;
				GCC_WARN_UNDECLARED_SELECTOR = YES;
				GCC_WARN_UNINITIALIZED_AUTOS = YES_AGGRESSIVE;
				GCC_WARN_UNUSED_FUNCTION = YES;
				GCC_WARN_UNUSED_VARIABLE = YES;
				IPHONEOS_DEPLOYMENT_TARGET = 16.0;
				MTL_ENABLE_DEBUG_INFO = NO;
				MTL_FAST_MATH = YES;
				SWIFT_COMPILATION_MODE = wholemodule;
				SWIFT_OPTIMIZATION_LEVEL = "-O";
				WATCHOS_DEPLOYMENT_TARGET = 9.0;
			};
			name = Release;
		};
		C8B7172D2A0AF1960041D53D /* Debug */ = {
			isa = XCBuildConfiguration;
			buildSettings = {
				ASSETCATALOG_COMPILER_APPICON_NAME = AppIcon;
				ASSETCATALOG_COMPILER_GLOBAL_ACCENT_COLOR_NAME = AccentColor;
				CODE_SIGN_ENTITLEMENTS = "EMT Watch App/EMT Watch App.entitlements";
				CODE_SIGN_STYLE = Automatic;
				CURRENT_PROJECT_VERSION = 1;
				DEVELOPMENT_ASSET_PATHS = "\"EMT Watch App/Preview Content\"";
				DEVELOPMENT_TEAM = FS696NSBK7;
				ENABLE_PREVIEWS = YES;
				GENERATE_INFOPLIST_FILE = YES;
				INFOPLIST_KEY_CFBundleDisplayName = EMT;
				INFOPLIST_KEY_NSLocationWhenInUseUsageDescription = "EMT Needs your location to display the closest bus stops.";
				INFOPLIST_KEY_UISupportedInterfaceOrientations = "UIInterfaceOrientationPortrait UIInterfaceOrientationPortraitUpsideDown";
				INFOPLIST_KEY_WKWatchOnly = YES;
				LD_RUNPATH_SEARCH_PATHS = (
					"$(inherited)",
					"@executable_path/Frameworks",
				);
				MARKETING_VERSION = 1.0;
				PRODUCT_BUNDLE_IDENTIFIER = com.emiliopelaez.EMT.watchkitapp;
				PRODUCT_NAME = "$(TARGET_NAME)";
				SDKROOT = watchos;
				SKIP_INSTALL = YES;
				SWIFT_EMIT_LOC_STRINGS = YES;
				SWIFT_VERSION = 5.0;
				TARGETED_DEVICE_FAMILY = 4;
				WATCHOS_DEPLOYMENT_TARGET = 9.1;
			};
			name = Debug;
		};
		C8B7172E2A0AF1960041D53D /* Release */ = {
			isa = XCBuildConfiguration;
			buildSettings = {
				ASSETCATALOG_COMPILER_APPICON_NAME = AppIcon;
				ASSETCATALOG_COMPILER_GLOBAL_ACCENT_COLOR_NAME = AccentColor;
				CODE_SIGN_ENTITLEMENTS = "EMT Watch App/EMT Watch App.entitlements";
				CODE_SIGN_STYLE = Automatic;
				CURRENT_PROJECT_VERSION = 1;
				DEVELOPMENT_ASSET_PATHS = "\"EMT Watch App/Preview Content\"";
				DEVELOPMENT_TEAM = FS696NSBK7;
				ENABLE_PREVIEWS = YES;
				GENERATE_INFOPLIST_FILE = YES;
				INFOPLIST_KEY_CFBundleDisplayName = EMT;
				INFOPLIST_KEY_NSLocationWhenInUseUsageDescription = "EMT Needs your location to display the closest bus stops.";
				INFOPLIST_KEY_UISupportedInterfaceOrientations = "UIInterfaceOrientationPortrait UIInterfaceOrientationPortraitUpsideDown";
				INFOPLIST_KEY_WKWatchOnly = YES;
				LD_RUNPATH_SEARCH_PATHS = (
					"$(inherited)",
					"@executable_path/Frameworks",
				);
				MARKETING_VERSION = 1.0;
				PRODUCT_BUNDLE_IDENTIFIER = com.emiliopelaez.EMT.watchkitapp;
				PRODUCT_NAME = "$(TARGET_NAME)";
				SDKROOT = watchos;
				SKIP_INSTALL = YES;
				SWIFT_EMIT_LOC_STRINGS = YES;
				SWIFT_VERSION = 5.0;
				TARGETED_DEVICE_FAMILY = 4;
				VALIDATE_PRODUCT = YES;
				WATCHOS_DEPLOYMENT_TARGET = 9.1;
			};
			name = Release;
		};
		C8B717312A0AF1960041D53D /* Debug */ = {
			isa = XCBuildConfiguration;
			buildSettings = {
				ALWAYS_EMBED_SWIFT_STANDARD_LIBRARIES = YES;
				CODE_SIGN_STYLE = Automatic;
				CURRENT_PROJECT_VERSION = 1;
				DEVELOPMENT_TEAM = FS696NSBK7;
				INFOPLIST_KEY_CFBundleDisplayName = EMT;
				MARKETING_VERSION = 1.0;
				PRODUCT_BUNDLE_IDENTIFIER = com.emiliopelaez.EMT;
				PRODUCT_NAME = "$(TARGET_NAME)";
				SDKROOT = iphoneos;
				SWIFT_VERSION = 5.0;
			};
			name = Debug;
		};
		C8B717322A0AF1960041D53D /* Release */ = {
			isa = XCBuildConfiguration;
			buildSettings = {
				ALWAYS_EMBED_SWIFT_STANDARD_LIBRARIES = YES;
				CODE_SIGN_STYLE = Automatic;
				CURRENT_PROJECT_VERSION = 1;
				DEVELOPMENT_TEAM = FS696NSBK7;
				INFOPLIST_KEY_CFBundleDisplayName = EMT;
				MARKETING_VERSION = 1.0;
				PRODUCT_BUNDLE_IDENTIFIER = com.emiliopelaez.EMT;
				PRODUCT_NAME = "$(TARGET_NAME)";
				SDKROOT = iphoneos;
				SWIFT_VERSION = 5.0;
				VALIDATE_PRODUCT = YES;
			};
			name = Release;
		};
/* End XCBuildConfiguration section */

/* Begin XCConfigurationList section */
		C8B717132A0AF1950041D53D /* Build configuration list for PBXProject "EMT" */ = {
			isa = XCConfigurationList;
			buildConfigurations = (
				C8B7172A2A0AF1960041D53D /* Debug */,
				C8B7172B2A0AF1960041D53D /* Release */,
			);
			defaultConfigurationIsVisible = 0;
			defaultConfigurationName = Release;
		};
		C8B7172C2A0AF1960041D53D /* Build configuration list for PBXNativeTarget "EMT Watch App" */ = {
			isa = XCConfigurationList;
			buildConfigurations = (
				C8B7172D2A0AF1960041D53D /* Debug */,
				C8B7172E2A0AF1960041D53D /* Release */,
			);
			defaultConfigurationIsVisible = 0;
			defaultConfigurationName = Release;
		};
		C8B717302A0AF1960041D53D /* Build configuration list for PBXNativeTarget "EMT" */ = {
			isa = XCConfigurationList;
			buildConfigurations = (
				C8B717312A0AF1960041D53D /* Debug */,
				C8B717322A0AF1960041D53D /* Release */,
			);
			defaultConfigurationIsVisible = 0;
			defaultConfigurationName = Release;
		};
/* End XCConfigurationList section */

/* Begin XCSwiftPackageProductDependency section */
		C8B7173D2A0AF5950041D53D /* Application */ = {
			isa = XCSwiftPackageProductDependency;
			productName = Application;
		};
/* End XCSwiftPackageProductDependency section */
	};
	rootObject = C8B717102A0AF1950041D53D /* Project object */;
}
